
Microsoft Visual Studio Solution File, Format Version 12.00
# Visual Studio Version 16
VisualStudioVersion = 16.0.810.12
MinimumVisualStudioVersion = 10.0.40219.1
Project("{FAE04EC0-301F-11D3-BF4B-00C04F79EFBC}") = "AppCommunityToolkitMedia.Android", "AppCommunityToolkitMedia.Android\AppCommunityToolkitMedia.Android.csproj", "{8654F8D5-84EE-43AD-AC52-C2F3EC869E25}"
EndProject
Project("{FAE04EC0-301F-11D3-BF4B-00C04F79EFBC}") = "AppCommunityToolkitMedia.iOS", "AppCommunityToolkitMedia.iOS\AppCommunityToolkitMedia.iOS.csproj", "{9CC1E04F-29B2-4CBD-AE80-CBC1687E6A80}"
EndProject
Project("{FAE04EC0-301F-11D3-BF4B-00C04F79EFBC}") = "AppCommunityToolkitMedia", "AppCommunityToolkitMedia\AppCommunityToolkitMedia.csproj", "{C4951A93-4D7E-4829-BD7B-0D9FCF8A9365}"
EndProject
Global
	GlobalSection(SolutionConfigurationPlatforms) = preSolution
		Debug|Any CPU = Debug|Any CPU
		Release|Any CPU = Release|Any CPU
		Debug|iPhoneSimulator = Debug|iPhoneSimulator
		Release|iPhoneSimulator = Release|iPhoneSimulator
		Debug|iPhone = Debug|iPhone
		Release|iPhone = Release|iPhone
	EndGlobalSection
	GlobalSection(ProjectConfigurationPlatforms) = postSolution
		{8654F8D5-84EE-43AD-AC52-C2F3EC869E25}.Debug|Any CPU.ActiveCfg = Debug|Any CPU
		{8654F8D5-84EE-43AD-AC52-C2F3EC869E25}.Debug|Any CPU.Build.0 = Debug|Any CPU
		{8654F8D5-84EE-43AD-AC52-C2F3EC869E25}.Release|Any CPU.ActiveCfg = Release|Any CPU
		{8654F8D5-84EE-43AD-AC52-C2F3EC869E25}.Release|Any CPU.Build.0 = Release|Any CPU
		{8654F8D5-84EE-43AD-AC52-C2F3EC869E25}.Debug|iPhoneSimulator.ActiveCfg = Debug|Any CPU
		{8654F8D5-84EE-43AD-AC52-C2F3EC869E25}.Debug|iPhoneSimulator.Build.0 = Debug|Any CPU
		{8654F8D5-84EE-43AD-AC52-C2F3EC869E25}.Release|iPhoneSimulator.ActiveCfg = Release|Any CPU
		{8654F8D5-84EE-43AD-AC52-C2F3EC869E25}.Release|iPhoneSimulator.Build.0 = Release|Any CPU
		{8654F8D5-84EE-43AD-AC52-C2F3EC869E25}.Debug|iPhone.ActiveCfg = Debug|Any CPU
		{8654F8D5-84EE-43AD-AC52-C2F3EC869E25}.Debug|iPhone.Build.0 = Debug|Any CPU
		{8654F8D5-84EE-43AD-AC52-C2F3EC869E25}.Release|iPhone.ActiveCfg = Release|Any CPU
		{8654F8D5-84EE-43AD-AC52-C2F3EC869E25}.Release|iPhone.Build.0 = Release|Any CPU
		{9CC1E04F-29B2-4CBD-AE80-CBC1687E6A80}.Debug|Any CPU.ActiveCfg = Debug|iPhoneSimulator
		{9CC1E04F-29B2-4CBD-AE80-CBC1687E6A80}.Debug|Any CPU.Build.0 = Debug|iPhoneSimulator
		{9CC1E04F-29B2-4CBD-AE80-CBC1687E6A80}.Release|Any CPU.ActiveCfg = Release|iPhoneSimulator
		{9CC1E04F-29B2-4CBD-AE80-CBC1687E6A80}.Release|Any CPU.Build.0 = Release|iPhoneSimulator
		{9CC1E04F-29B2-4CBD-AE80-CBC1687E6A80}.Debug|iPhoneSimulator.ActiveCfg = Debug|iPhoneSimulator
		{9CC1E04F-29B2-4CBD-AE80-CBC1687E6A80}.Debug|iPhoneSimulator.Build.0 = Debug|iPhoneSimulator
		{9CC1E04F-29B2-4CBD-AE80-CBC1687E6A80}.Release|iPhoneSimulator.ActiveCfg = Release|iPhoneSimulator
		{9CC1E04F-29B2-4CBD-AE80-CBC1687E6A80}.Release|iPhoneSimulator.Build.0 = Release|iPhoneSimulator
		{9CC1E04F-29B2-4CBD-AE80-CBC1687E6A80}.Debug|iPhone.ActiveCfg = Debug|iPhone
		{9CC1E04F-29B2-4CBD-AE80-CBC1687E6A80}.Debug|iPhone.Build.0 = Debug|iPhone
		{9CC1E04F-29B2-4CBD-AE80-CBC1687E6A80}.Release|iPhone.ActiveCfg = Release|iPhone
		{9CC1E04F-29B2-4CBD-AE80-CBC1687E6A80}.Release|iPhone.Build.0 = Release|iPhone
		{C4951A93-4D7E-4829-BD7B-0D9FCF8A9365}.Debug|Any CPU.ActiveCfg = Debug|Any CPU
		{C4951A93-4D7E-4829-BD7B-0D9FCF8A9365}.Debug|Any CPU.Build.0 = Debug|Any CPU
		{C4951A93-4D7E-4829-BD7B-0D9FCF8A9365}.Release|Any CPU.ActiveCfg = Release|Any CPU
		{C4951A93-4D7E-4829-BD7B-0D9FCF8A9365}.Release|Any CPU.Build.0 = Release|Any CPU
		{C4951A93-4D7E-4829-BD7B-0D9FCF8A9365}.Debug|iPhoneSimulator.ActiveCfg = Debug|Any CPU
		{C4951A93-4D7E-4829-BD7B-0D9FCF8A9365}.Debug|iPhoneSimulator.Build.0 = Debug|Any CPU
		{C4951A93-4D7E-4829-BD7B-0D9FCF8A9365}.Release|iPhoneSimulator.ActiveCfg = Release|Any CPU
		{C4951A93-4D7E-4829-BD7B-0D9FCF8A9365}.Release|iPhoneSimulator.Build.0 = Release|Any CPU
		{C4951A93-4D7E-4829-BD7B-0D9FCF8A9365}.Debug|iPhone.ActiveCfg = Debug|Any CPU
		{C4951A93-4D7E-4829-BD7B-0D9FCF8A9365}.Debug|iPhone.Build.0 = Debug|Any CPU
		{C4951A93-4D7E-4829-BD7B-0D9FCF8A9365}.Release|iPhone.ActiveCfg = Release|Any CPU
		{C4951A93-4D7E-4829-BD7B-0D9FCF8A9365}.Release|iPhone.Build.0 = Release|Any CPU
	EndGlobalSection
	GlobalSection(SolutionProperties) = preSolution
		HideSolutionNode = FALSE
	EndGlobalSection
	GlobalSection(ExtensibilityGlobals) = postSolution
		SolutionGuid = {D8650CB2-DF5D-4D4C-BAC5-641A6D3DFEF3}
	EndGlobalSection
EndGlobal
